
Microsoft Visual Studio Solution File, Format Version 12.00
# Visual Studio Version 17
VisualStudioVersion = 17.9.34607.119
MinimumVisualStudioVersion = 10.0.40219.1
Project("{FAE04EC0-301F-11D3-BF4B-00C04F79EFBC}") = "Aimidge", "Aimidge.csproj", "{BC773E36-B908-46EC-AD49-B0A9B0F80E3E}"
EndProject
Global
	GlobalSection(SolutionConfigurationPlatforms) = preSolution
		Debug|Any CPU = Debug|Any CPU
		Release|Any CPU = Release|Any CPU
	EndGlobalSection
	GlobalSection(ProjectConfigurationPlatforms) = postSolution
		{BC773E36-B908-46EC-AD49-B0A9B0F80E3E}.Debug|Any CPU.ActiveCfg = Debug|Any CPU
		{BC773E36-B908-46EC-AD49-B0A9B0F80E3E}.Debug|Any CPU.Build.0 = Debug|Any CPU
		{BC773E36-B908-46EC-AD49-B0A9B0F80E3E}.Release|Any CPU.ActiveCfg = Release|Any CPU
		{BC773E36-B908-46EC-AD49-B0A9B0F80E3E}.Release|Any CPU.Build.0 = Release|Any CPU
	EndGlobalSection
	GlobalSection(SolutionProperties) = preSolution
		HideSolutionNode = FALSE
	EndGlobalSection
	GlobalSection(ExtensibilityGlobals) = postSolution
		SolutionGuid = {92611F6E-0576-4099-99AB-8D2CF010D7CA}
	EndGlobalSection
EndGlobal
